
Microsoft Visual Studio Solution File, Format Version 12.00
# Visual Studio 15
VisualStudioVersion = 15.0.28010.2016
MinimumVisualStudioVersion = 10.0.40219.1
Project("{FAE04EC0-301F-11D3-BF4B-00C04F79EFBC}") = "LagestRectangle", "LagestRectangle\LagestRectangle.csproj", "{51F131FB-976A-4FEB-B1C2-1CA4B244F726}"
EndProject
Global
	GlobalSection(SolutionConfigurationPlatforms) = preSolution
		Debug|Any CPU = Debug|Any CPU
		Release|Any CPU = Release|Any CPU
	EndGlobalSection
	GlobalSection(ProjectConfigurationPlatforms) = postSolution
		{51F131FB-976A-4FEB-B1C2-1CA4B244F726}.Debug|Any CPU.ActiveCfg = Debug|Any CPU
		{51F131FB-976A-4FEB-B1C2-1CA4B244F726}.Debug|Any CPU.Build.0 = Debug|Any CPU
		{51F131FB-976A-4FEB-B1C2-1CA4B244F726}.Release|Any CPU.ActiveCfg = Release|Any CPU
		{51F131FB-976A-4FEB-B1C2-1CA4B244F726}.Release|Any CPU.Build.0 = Release|Any CPU
	EndGlobalSection
	GlobalSection(SolutionProperties) = preSolution
		HideSolutionNode = FALSE
	EndGlobalSection
	GlobalSection(ExtensibilityGlobals) = postSolution
		SolutionGuid = {FF0EED21-317B-47DC-8329-B7CC81986B03}
	EndGlobalSection
EndGlobal
